
Microsoft Visual Studio Solution File, Format Version 12.00
# Visual Studio Version 17
VisualStudioVersion = 17.4.33110.190
MinimumVisualStudioVersion = 10.0.40219.1
Project("{888888A0-9F3D-457C-B088-3A5042F75D52}") = "LearnPython", "LearnPython\LearnPython.pyproj", "{917B1FA2-B497-4F5F-B3F2-6B54AF8FCE4C}"
EndProject
Global
	GlobalSection(SolutionConfigurationPlatforms) = preSolution
		Debug|Any CPU = Debug|Any CPU
		Release|Any CPU = Release|Any CPU
	EndGlobalSection
	GlobalSection(ProjectConfigurationPlatforms) = postSolution
		{917B1FA2-B497-4F5F-B3F2-6B54AF8FCE4C}.Debug|Any CPU.ActiveCfg = Debug|Any CPU
		{917B1FA2-B497-4F5F-B3F2-6B54AF8FCE4C}.Release|Any CPU.ActiveCfg = Release|Any CPU
	EndGlobalSection
	GlobalSection(SolutionProperties) = preSolution
		HideSolutionNode = FALSE
	EndGlobalSection
	GlobalSection(ExtensibilityGlobals) = postSolution
		SolutionGuid = {13CE1991-88E4-44AE-8880-D3B22672C54B}
	EndGlobalSection
EndGlobal
